{
  "nodes": {
    "nixpkgs": {
      "locked": {
        "lastModified": 1772323124,
        "narHash": "sha256-EV69IGNwPl3FAHbVZY9Aj7xh65kJPZjovC/hY8WhqSM=",
        "owner": "NixOS",
        "repo": "nixpkgs",
        "rev": "d3483b8587b77170fe2e2e14f35fc148cee516f8",
        "type": "github"
      },
      "original": {
        "owner": "NixOS",
        "ref": "nixos-unstable",
        "repo": "nixpkgs",
        "type": "github"
      }
    },
    "root": {
      "inputs": {
        "nixpkgs": "nixpkgs"
      }
    }
  },
  "root": "root",
  "version": 7
}
